// !$*UTF8*$!
{
	archiveVersion = 1;
	classes = {
	};
	objectVersion = 48;
	objects = {

/* Begin PBXBuildFile section */
		BDFF8C6C214346FF009F0461 /* AppDelegate.swift in Sources */ = {isa = PBXBuildFile; fileRef = BDFF8C6B214346FF009F0461 /* AppDelegate.swift */; };
		BDFF8C6E214346FF009F0461 /* ViewController.swift in Sources */ = {isa = PBXBuildFile; fileRef = BDFF8C6D214346FF009F0461 /* ViewController.swift */; };
		BDFF8C71214346FF009F0461 /* Main.storyboard in Resources */ = {isa = PBXBuildFile; fileRef = BDFF8C6F214346FF009F0461 /* Main.storyboard */; };
		BDFF8C73214346FF009F0461 /* Assets.xcassets in Resources */ = {isa = PBXBuildFile; fileRef = BDFF8C72214346FF009F0461 /* Assets.xcassets */; };
		BDFF8C76214346FF009F0461 /* LaunchScreen.storyboard in Resources */ = {isa = PBXBuildFile; fileRef = BDFF8C74214346FF009F0461 /* LaunchScreen.storyboard */; };
		BDFF8C81214346FF009F0461 /* FlixTests.swift in Sources */ = {isa = PBXBuildFile; fileRef = BDFF8C80214346FF009F0461 /* FlixTests.swift */; };
		BDFF8C8C214346FF009F0461 /* FlixUITests.swift in Sources */ = {isa = PBXBuildFile; fileRef = BDFF8C8B214346FF009F0461 /* FlixUITests.swift */; };
/* End PBXBuildFile section */

/* Begin PBXContainerItemProxy section */
		BDFF8C7D214346FF009F0461 /* PBXContainerItemProxy */ = {
			isa = PBXContainerItemProxy;
			containerPortal = BDFF8C60214346FF009F0461 /* Project object */;
			proxyType = 1;
			remoteGlobalIDString = BDFF8C67214346FF009F0461;
			remoteInfo = Flix;
		};
		BDFF8C88214346FF009F0461 /* PBXContainerItemProxy */ = {
			isa = PBXContainerItemProxy;
			containerPortal = BDFF8C60214346FF009F0461 /* Project object */;
			proxyType = 1;
			remoteGlobalIDString = BDFF8C67214346FF009F0461;
			remoteInfo = Flix;
		};
/* End PBXContainerItemProxy section */

/* Begin PBXFileReference section */
		BDFF8C68214346FF009F0461 /* Flix.app */ = {isa = PBXFileReference; explicitFileType = wrapper.application; includeInIndex = 0; path = Flix.app; sourceTree = BUILT_PRODUCTS_DIR; };
		BDFF8C6B214346FF009F0461 /* AppDelegate.swift */ = {isa = PBXFileReference; lastKnownFileType = sourcecode.swift; path = AppDelegate.swift; sourceTree = "<group>"; };
		BDFF8C6D214346FF009F0461 /* ViewController.swift */ = {isa = PBXFileReference; lastKnownFileType = sourcecode.swift; path = ViewController.swift; sourceTree = "<group>"; };
		BDFF8C70214346FF009F0461 /* Base */ = {isa = PBXFileReference; lastKnownFileType = file.storyboard; name = Base; path = Base.lproj/Main.storyboard; sourceTree = "<group>"; };
		BDFF8C72214346FF009F0461 /* Assets.xcassets */ = {isa = PBXFileReference; lastKnownFileType = folder.assetcatalog; path = Assets.xcassets; sourceTree = "<group>"; };
		BDFF8C75214346FF009F0461 /* Base */ = {isa = PBXFileReference; lastKnownFileType = file.storyboard; name = Base; path = Base.lproj/LaunchScreen.storyboard; sourceTree = "<group>"; };
		BDFF8C77214346FF009F0461 /* Info.plist */ = {isa = PBXFileReference; lastKnownFileType = text.plist.xml; path = Info.plist; sourceTree = "<group>"; };
		BDFF8C7C214346FF009F0461 /* FlixTests.xctest */ = {isa = PBXFileReference; explicitFileType = wrapper.cfbundle; includeInIndex = 0; path = FlixTests.xctest; sourceTree = BUILT_PRODUCTS_DIR; };
		BDFF8C80214346FF009F0461 /* FlixTests.swift */ = {isa = PBXFileReference; lastKnownFileType = sourcecode.swift; path = FlixTests.swift; sourceTree = "<group>"; };
		BDFF8C82214346FF009F0461 /* Info.plist */ = {isa = PBXFileReference; lastKnownFileType = text.plist.xml; path = Info.plist; sourceTree = "<group>"; };
		BDFF8C87214346FF009F0461 /* FlixUITests.xctest */ = {isa = PBXFileReference; explicitFileType = wrapper.cfbundle; includeInIndex = 0; path = FlixUITests.xctest; sourceTree = BUILT_PRODUCTS_DIR; };
		BDFF8C8B214346FF009F0461 /* FlixUITests.swift */ = {isa = PBXFileReference; lastKnownFileType = sourcecode.swift; path = FlixUITests.swift; sourceTree = "<group>"; };
		BDFF8C8D214346FF009F0461 /* Info.plist */ = {isa = PBXFileReference; lastKnownFileType = text.plist.xml; path = Info.plist; sourceTree = "<group>"; };
/* End PBXFileReference section */

/* Begin PBXFrameworksBuildPhase section */
		BDFF8C65214346FF009F0461 /* Frameworks */ = {
			isa = PBXFrameworksBuildPhase;
			buildActionMask = 2147483647;
			files = (
			);
			runOnlyForDeploymentPostprocessing = 0;
		};
		BDFF8C79214346FF009F0461 /* Frameworks */ = {
			isa = PBXFrameworksBuildPhase;
			buildActionMask = 2147483647;
			files = (
			);
			runOnlyForDeploymentPostprocessing = 0;
		};
		BDFF8C84214346FF009F0461 /* Frameworks */ = {
			isa = PBXFrameworksBuildPhase;
			buildActionMask = 2147483647;
			files = (
			);
			runOnlyForDeploymentPostprocessing = 0;
		};
/* End PBXFrameworksBuildPhase section */

/* Begin PBXGroup section */
		BDFF8C5F214346FF009F0461 = {
			isa = PBXGroup;
			children = (
				BDFF8C6A214346FF009F0461 /* Flix */,
				BDFF8C7F214346FF009F0461 /* FlixTests */,
				BDFF8C8A214346FF009F0461 /* FlixUITests */,
				BDFF8C69214346FF009F0461 /* Products */,
			);
			sourceTree = "<group>";
		};
		BDFF8C69214346FF009F0461 /* Products */ = {
			isa = PBXGroup;
			children = (
				BDFF8C68214346FF009F0461 /* Flix.app */,
				BDFF8C7C214346FF009F0461 /* FlixTests.xctest */,
				BDFF8C87214346FF009F0461 /* FlixUITests.xctest */,
			);
			name = Products;
			sourceTree = "<group>";
		};
		BDFF8C6A214346FF009F0461 /* Flix */ = {
			isa = PBXGroup;
			children = (
				BDFF8C6B214346FF009F0461 /* AppDelegate.swift */,
				BDFF8C6D214346FF009F0461 /* ViewController.swift */,
				BDFF8C6F214346FF009F0461 /* Main.storyboard */,
				BDFF8C72214346FF009F0461 /* Assets.xcassets */,
				BDFF8C74214346FF009F0461 /* LaunchScreen.storyboard */,
				BDFF8C77214346FF009F0461 /* Info.plist */,
			);
			path = Flix;
			sourceTree = "<group>";
		};
		BDFF8C7F214346FF009F0461 /* FlixTests */ = {
			isa = PBXGroup;
			children = (
				BDFF8C80214346FF009F0461 /* FlixTests.swift */,
				BDFF8C82214346FF009F0461 /* Info.plist */,
			);
			path = FlixTests;
			sourceTree = "<group>";
		};
		BDFF8C8A214346FF009F0461 /* FlixUITests */ = {
			isa = PBXGroup;
			children = (
				BDFF8C8B214346FF009F0461 /* FlixUITests.swift */,
				BDFF8C8D214346FF009F0461 /* Info.plist */,
			);
			path = FlixUITests;
			sourceTree = "<group>";
		};
/* End PBXGroup section */

/* Begin PBXNativeTarget section */
		BDFF8C67214346FF009F0461 /* Flix */ = {
			isa = PBXNativeTarget;
			buildConfigurationList = BDFF8C90214346FF009F0461 /* Build configuration list for PBXNativeTarget "Flix" */;
			buildPhases = (
				BDFF8C64214346FF009F0461 /* Sources */,
				BDFF8C65214346FF009F0461 /* Frameworks */,
				BDFF8C66214346FF009F0461 /* Resources */,
			);
			buildRules = (
			);
			dependencies = (
			);
			name = Flix;
			productName = Flix;
			productReference = BDFF8C68214346FF009F0461 /* Flix.app */;
			productType = "com.apple.product-type.application";
		};
		BDFF8C7B214346FF009F0461 /* FlixTests */ = {
			isa = PBXNativeTarget;
			buildConfigurationList = BDFF8C93214346FF009F0461 /* Build configuration list for PBXNativeTarget "FlixTests" */;
			buildPhases = (
				BDFF8C78214346FF009F0461 /* Sources */,
				BDFF8C79214346FF009F0461 /* Frameworks */,
				BDFF8C7A214346FF009F0461 /* Resources */,
			);
			buildRules = (
			);
			dependencies = (
				BDFF8C7E214346FF009F0461 /* PBXTargetDependency */,
			);
			name = FlixTests;
			productName = FlixTests;
			productReference = BDFF8C7C214346FF009F0461 /* FlixTests.xctest */;
			productType = "com.apple.product-type.bundle.unit-test";
		};
		BDFF8C86214346FF009F0461 /* FlixUITests */ = {
			isa = PBXNativeTarget;
			buildConfigurationList = BDFF8C96214346FF009F0461 /* Build configuration list for PBXNativeTarget "FlixUITests" */;
			buildPhases = (
				BDFF8C83214346FF009F0461 /* Sources */,
				BDFF8C84214346FF009F0461 /* Frameworks */,
				BDFF8C85214346FF009F0461 /* Resources */,
			);
			buildRules = (
			);
			dependencies = (
				BDFF8C89214346FF009F0461 /* PBXTargetDependency */,
			);
			name = FlixUITests;
			productName = FlixUITests;
			productReference = BDFF8C87214346FF009F0461 /* FlixUITests.xctest */;
			productType = "com.apple.product-type.bundle.ui-testing";
		};
/* End PBXNativeTarget section */

/* Begin PBXProject section */
		BDFF8C60214346FF009F0461 /* Project object */ = {
			isa = PBXProject;
			attributes = {
				LastSwiftUpdateCheck = 0910;
				LastUpgradeCheck = 0910;
				ORGANIZATIONNAME = "Hamsika Pongubala";
				TargetAttributes = {
					BDFF8C67214346FF009F0461 = {
						CreatedOnToolsVersion = 9.1;
						ProvisioningStyle = Automatic;
					};
					BDFF8C7B214346FF009F0461 = {
						CreatedOnToolsVersion = 9.1;
						ProvisioningStyle = Automatic;
						TestTargetID = BDFF8C67214346FF009F0461;
					};
					BDFF8C86214346FF009F0461 = {
						CreatedOnToolsVersion = 9.1;
						ProvisioningStyle = Automatic;
						TestTargetID = BDFF8C67214346FF009F0461;
					};
				};
			};
			buildConfigurationList = BDFF8C63214346FF009F0461 /* Build configuration list for PBXProject "Flix" */;
			compatibilityVersion = "Xcode 8.0";
			developmentRegion = en;
			hasScannedForEncodings = 0;
			knownRegions = (
				en,
				Base,
			);
			mainGroup = BDFF8C5F214346FF009F0461;
			productRefGroup = BDFF8C69214346FF009F0461 /* Products */;
			projectDirPath = "";
			projectRoot = "";
			targets = (
				BDFF8C67214346FF009F0461 /* Flix */,
				BDFF8C7B214346FF009F0461 /* FlixTests */,
				BDFF8C86214346FF009F0461 /* FlixUITests */,
			);
		};
/* End PBXProject section */

/* Begin PBXResourcesBuildPhase section */
		BDFF8C66214346FF009F0461 /* Resources */ = {
			isa = PBXResourcesBuildPhase;
			buildActionMask = 2147483647;
			files = (
				BDFF8C76214346FF009F0461 /* LaunchScreen.storyboard in Resources */,
				BDFF8C73214346FF009F0461 /* Assets.xcassets in Resources */,
				BDFF8C71214346FF009F0461 /* Main.storyboard in Resources */,
			);
			runOnlyForDeploymentPostprocessing = 0;
		};
		BDFF8C7A214346FF009F0461 /* Resources */ = {
			isa = PBXResourcesBuildPhase;
			buildActionMask = 2147483647;
			files = (
			);
			runOnlyForDeploymentPostprocessing = 0;
		};
		BDFF8C85214346FF009F0461 /* Resources */ = {
			isa = PBXResourcesBuildPhase;
			buildActionMask = 2147483647;
			files = (
			);
			runOnlyForDeploymentPostprocessing = 0;
		};
/* End PBXResourcesBuildPhase section */

/* Begin PBXSourcesBuildPhase section */
		BDFF8C64214346FF009F0461 /* Sources */ = {
			isa = PBXSourcesBuildPhase;
			buildActionMask = 2147483647;
			files = (
				BDFF8C6E214346FF009F0461 /* ViewController.swift in Sources */,
				BDFF8C6C214346FF009F0461 /* AppDelegate.swift in Sources */,
			);
			runOnlyForDeploymentPostprocessing = 0;
		};
		BDFF8C78214346FF009F0461 /* Sources */ = {
			isa = PBXSourcesBuildPhase;
			buildActionMask = 2147483647;
			files = (
				BDFF8C81214346FF009F0461 /* FlixTests.swift in Sources */,
			);
			runOnlyForDeploymentPostprocessing = 0;
		};
		BDFF8C83214346FF009F0461 /* Sources */ = {
			isa = PBXSourcesBuildPhase;
			buildActionMask = 2147483647;
			files = (
				BDFF8C8C214346FF009F0461 /* FlixUITests.swift in Sources */,
			);
			runOnlyForDeploymentPostprocessing = 0;
		};
/* End PBXSourcesBuildPhase section */

/* Begin PBXTargetDependency section */
		BDFF8C7E214346FF009F0461 /* PBXTargetDependency */ = {
			isa = PBXTargetDependency;
			target = BDFF8C67214346FF009F0461 /* Flix */;
			targetProxy = BDFF8C7D214346FF009F0461 /* PBXContainerItemProxy */;
		};
		BDFF8C89214346FF009F0461 /* PBXTargetDependency */ = {
			isa = PBXTargetDependency;
			target = BDFF8C67214346FF009F0461 /* Flix */;
			targetProxy = BDFF8C88214346FF009F0461 /* PBXContainerItemProxy */;
		};
/* End PBXTargetDependency section */

/* Begin PBXVariantGroup section */
		BDFF8C6F214346FF009F0461 /* Main.storyboard */ = {
			isa = PBXVariantGroup;
			children = (
				BDFF8C70214346FF009F0461 /* Base */,
			);
			name = Main.storyboard;
			sourceTree = "<group>";
		};
		BDFF8C74214346FF009F0461 /* LaunchScreen.storyboard */ = {
			isa = PBXVariantGroup;
			children = (
				BDFF8C75214346FF009F0461 /* Base */,
			);
			name = LaunchScreen.storyboard;
			sourceTree = "<group>";
		};
/* End PBXVariantGroup section */

/* Begin XCBuildConfiguration section */
		BDFF8C8E214346FF009F0461 /* Debug */ = {
			isa = XCBuildConfiguration;
			buildSettings = {
				ALWAYS_SEARCH_USER_PATHS = NO;
				CLANG_ANALYZER_NONNULL = YES;
				CLANG_ANALYZER_NUMBER_OBJECT_CONVERSION = YES_AGGRESSIVE;
				CLANG_CXX_LANGUAGE_STANDARD = "gnu++14";
				CLANG_CXX_LIBRARY = "libc++";
				CLANG_ENABLE_MODULES = YES;
				CLANG_ENABLE_OBJC_ARC = YES;
				CLANG_WARN_BLOCK_CAPTURE_AUTORELEASING = YES;
				CLANG_WARN_BOOL_CONVERSION = YES;
				CLANG_WARN_COMMA = YES;
				CLANG_WARN_CONSTANT_CONVERSION = YES;
				CLANG_WARN_DIRECT_OBJC_ISA_USAGE = YES_ERROR;
				CLANG_WARN_DOCUMENTATION_COMMENTS = YES;
				CLANG_WARN_EMPTY_BODY = YES;
				CLANG_WARN_ENUM_CONVERSION = YES;
				CLANG_WARN_INFINITE_RECURSION = YES;
				CLANG_WARN_INT_CONVERSION = YES;
				CLANG_WARN_NON_LITERAL_NULL_CONVERSION = YES;
				CLANG_WARN_OBJC_LITERAL_CONVERSION = YES;
				CLANG_WARN_OBJC_ROOT_CLASS = YES_ERROR;
				CLANG_WARN_RANGE_LOOP_ANALYSIS = YES;
				CLANG_WARN_STRICT_PROTOTYPES = YES;
				CLANG_WARN_SUSPICIOUS_MOVE = YES;
				CLANG_WARN_UNGUARDED_AVAILABILITY = YES_AGGRESSIVE;
				CLANG_WARN_UNREACHABLE_CODE = YES;
				CLANG_WARN__DUPLICATE_METHOD_MATCH = YES;
				CODE_SIGN_IDENTITY = "iPhone Developer";
				COPY_PHASE_STRIP = NO;
				DEBUG_INFORMATION_FORMAT = dwarf;
				ENABLE_STRICT_OBJC_MSGSEND = YES;
				ENABLE_TESTABILITY = YES;
				GCC_C_LANGUAGE_STANDARD = gnu11;
				GCC_DYNAMIC_NO_PIC = NO;
				GCC_NO_COMMON_BLOCKS = YES;
				GCC_OPTIMIZATION_LEVEL = 0;
				GCC_PREPROCESSOR_DEFINITIONS = (
					"DEBUG=1",
					"$(inherited)",
				);
				GCC_WARN_64_TO_32_BIT_CONVERSION = YES;
				GCC_WARN_ABOUT_RETURN_TYPE = YES_ERROR;
				GCC_WARN_UNDECLARED_SELECTOR = YES;
				GCC_WARN_UNINITIALIZED_AUTOS = YES_AGGRESSIVE;
				GCC_WARN_UNUSED_FUNCTION = YES;
				GCC_WARN_UNUSED_VARIABLE = YES;
				IPHONEOS_DEPLOYMENT_TARGET = 11.1;
				MTL_ENABLE_DEBUG_INFO = YES;
				ONLY_ACTIVE_ARCH = YES;
				SDKROOT = iphoneos;
				SWIFT_ACTIVE_COMPILATION_CONDITIONS = DEBUG;
				SWIFT_OPTIMIZATION_LEVEL = "-Onone";
			};
			name = Debug;
		};
		BDFF8C8F214346FF009F0461 /* Release */ = {
			isa = XCBuildConfiguration;
			buildSettings = {
				ALWAYS_SEARCH_USER_PATHS = NO;
				CLANG_ANALYZER_NONNULL = YES;
				CLANG_ANALYZER_NUMBER_OBJECT_CONVERSION = YES_AGGRESSIVE;
				CLANG_CXX_LANGUAGE_STANDARD = "gnu++14";
				CLANG_CXX_LIBRARY = "libc++";
				CLANG_ENABLE_MODULES = YES;
				CLANG_ENABLE_OBJC_ARC = YES;
				CLANG_WARN_BLOCK_CAPTURE_AUTORELEASING = YES;
				CLANG_WARN_BOOL_CONVERSION = YES;
				CLANG_WARN_COMMA = YES;
				CLANG_WARN_CONSTANT_CONVERSION = YES;
				CLANG_WARN_DIRECT_OBJC_ISA_USAGE = YES_ERROR;
				CLANG_WARN_DOCUMENTATION_COMMENTS = YES;
				CLANG_WARN_EMPTY_BODY = YES;
				CLANG_WARN_ENUM_CONVERSION = YES;
				CLANG_WARN_INFINITE_RECURSION = YES;
				CLANG_WARN_INT_CONVERSION = YES;
				CLANG_WARN_NON_LITERAL_NULL_CONVERSION = YES;
				CLANG_WARN_OBJC_LITERAL_CONVERSION = YES;
				CLANG_WARN_OBJC_ROOT_CLASS = YES_ERROR;
				CLANG_WARN_RANGE_LOOP_ANALYSIS = YES;
				CLANG_WARN_STRICT_PROTOTYPES = YES;
				CLANG_WARN_SUSPICIOUS_MOVE = YES;
				CLANG_WARN_UNGUARDED_AVAILABILITY = YES_AGGRESSIVE;
				CLANG_WARN_UNREACHABLE_CODE = YES;
				CLANG_WARN__DUPLICATE_METHOD_MATCH = YES;
				CODE_SIGN_IDENTITY = "iPhone Developer";
				COPY_PHASE_STRIP = NO;
				DEBUG_INFORMATION_FORMAT = "dwarf-with-dsym";
				ENABLE_NS_ASSERTIONS = NO;
				ENABLE_STRICT_OBJC_MSGSEND = YES;
				GCC_C_LANGUAGE_STANDARD = gnu11;
				GCC_NO_COMMON_BLOCKS = YES;
				GCC_WARN_64_TO_32_BIT_CONVERSION = YES;
				GCC_WARN_ABOUT_RETURN_TYPE = YES_ERROR;
				GCC_WARN_UNDECLARED_SELECTOR = YES;
				GCC_WARN_UNINITIALIZED_AUTOS = YES_AGGRESSIVE;
				GCC_WARN_UNUSED_FUNCTION = YES;
				GCC_WARN_UNUSED_VARIABLE = YES;
				IPHONEOS_DEPLOYMENT_TARGET = 11.1;
				MTL_ENABLE_DEBUG_INFO = NO;
				SDKROOT = iphoneos;
				SWIFT_OPTIMIZATION_LEVEL = "-Owholemodule";
				VALIDATE_PRODUCT = YES;
			};
			name = Release;
		};
		BDFF8C91214346FF009F0461 /* Debug */ = {
			isa = XCBuildConfiguration;
			buildSettings = {
				ASSETCATALOG_COMPILER_APPICON_NAME = AppIcon;
				CODE_SIGN_STYLE = Automatic;
				INFOPLIST_FILE = Flix/Info.plist;
				LD_RUNPATH_SEARCH_PATHS = "$(inherited) @executable_path/Frameworks";
				PRODUCT_BUNDLE_IDENTIFIER = com.Hamsika.Flix;
				PRODUCT_NAME = "$(TARGET_NAME)";
				SWIFT_VERSION = 4.0;
				TARGETED_DEVICE_FAMILY = "1,2";
			};
			name = Debug;
		};
		BDFF8C92214346FF009F0461 /* Release */ = {
			isa = XCBuildConfiguration;
			buildSettings = {
				ASSETCATALOG_COMPILER_APPICON_NAME = AppIcon;
				CODE_SIGN_STYLE = Automatic;
				INFOPLIST_FILE = Flix/Info.plist;
				LD_RUNPATH_SEARCH_PATHS = "$(inherited) @executable_path/Frameworks";
				PRODUCT_BUNDLE_IDENTIFIER = com.Hamsika.Flix;
				PRODUCT_NAME = "$(TARGET_NAME)";
				SWIFT_VERSION = 4.0;
				TARGETED_DEVICE_FAMILY = "1,2";
			};
			name = Release;
		};
		BDFF8C94214346FF009F0461 /* Debug */ = {
			isa = XCBuildConfiguration;
			buildSettings = {
				ALWAYS_EMBED_SWIFT_STANDARD_LIBRARIES = YES;
				BUNDLE_LOADER = "$(TEST_HOST)";
				CODE_SIGN_STYLE = Automatic;
				INFOPLIST_FILE = FlixTests/Info.plist;
				LD_RUNPATH_SEARCH_PATHS = "$(inherited) @executable_path/Frameworks @loader_path/Frameworks";
				PRODUCT_BUNDLE_IDENTIFIER = com.Hamsika.FlixTests;
				PRODUCT_NAME = "$(TARGET_NAME)";
				SWIFT_VERSION = 4.0;
				TARGETED_DEVICE_FAMILY = "1,2";
				TEST_HOST = "$(BUILT_PRODUCTS_DIR)/Flix.app/Flix";
			};
			name = Debug;
		};
		BDFF8C95214346FF009F0461 /* Release */ = {
			isa = XCBuildConfiguration;
			buildSettings = {
				ALWAYS_EMBED_SWIFT_STANDARD_LIBRARIES = YES;
				BUNDLE_LOADER = "$(TEST_HOST)";
				CODE_SIGN_STYLE = Automatic;
				INFOPLIST_FILE = FlixTests/Info.plist;
				LD_RUNPATH_SEARCH_PATHS = "$(inherited) @executable_path/Frameworks @loader_path/Frameworks";
				PRODUCT_BUNDLE_IDENTIFIER = com.Hamsika.FlixTests;
				PRODUCT_NAME = "$(TARGET_NAME)";
				SWIFT_VERSION = 4.0;
				TARGETED_DEVICE_FAMILY = "1,2";
				TEST_HOST = "$(BUILT_PRODUCTS_DIR)/Flix.app/Flix";
			};
			name = Release;
		};
		BDFF8C97214346FF009F0461 /* Debug */ = {
			isa = XCBuildConfiguration;
			buildSettings = {
				ALWAYS_EMBED_SWIFT_STANDARD_LIBRARIES = YES;
				CODE_SIGN_STYLE = Automatic;
				INFOPLIST_FILE = FlixUITests/Info.plist;
				LD_RUNPATH_SEARCH_PATHS = "$(inherited) @executable_path/Frameworks @loader_path/Frameworks";
				PRODUCT_BUNDLE_IDENTIFIER = com.Hamsika.FlixUITests;
				PRODUCT_NAME = "$(TARGET_NAME)";
				SWIFT_VERSION = 4.0;
				TARGETED_DEVICE_FAMILY = "1,2";
				TEST_TARGET_NAME = Flix;
			};
			name = Debug;
		};
		BDFF8C98214346FF009F0461 /* Release */ = {
			isa = XCBuildConfiguration;
			buildSettings = {
				ALWAYS_EMBED_SWIFT_STANDARD_LIBRARIES = YES;
				CODE_SIGN_STYLE = Automatic;
				INFOPLIST_FILE = FlixUITests/Info.plist;
				LD_RUNPATH_SEARCH_PATHS = "$(inherited) @executable_path/Frameworks @loader_path/Frameworks";
				PRODUCT_BUNDLE_IDENTIFIER = com.Hamsika.FlixUITests;
				PRODUCT_NAME = "$(TARGET_NAME)";
				SWIFT_VERSION = 4.0;
				TARGETED_DEVICE_FAMILY = "1,2";
				TEST_TARGET_NAME = Flix;
			};
			name = Release;
		};
/* End XCBuildConfiguration section */

/* Begin XCConfigurationList section */
		BDFF8C63214346FF009F0461 /* Build configuration list for PBXProject "Flix" */ = {
			isa = XCConfigurationList;
			buildConfigurations = (
				BDFF8C8E214346FF009F0461 /* Debug */,
				BDFF8C8F214346FF009F0461 /* Release */,
			);
			defaultConfigurationIsVisible = 0;
			defaultConfigurationName = Release;
		};
		BDFF8C90214346FF009F0461 /* Build configuration list for PBXNativeTarget "Flix" */ = {
			isa = XCConfigurationList;
			buildConfigurations = (
				BDFF8C91214346FF009F0461 /* Debug */,
				BDFF8C92214346FF009F0461 /* Release */,
			);
			defaultConfigurationIsVisible = 0;
			defaultConfigurationName = Release;
		};
		BDFF8C93214346FF009F0461 /* Build configuration list for PBXNativeTarget "FlixTests" */ = {
			isa = XCConfigurationList;
			buildConfigurations = (
				BDFF8C94214346FF009F0461 /* Debug */,
				BDFF8C95214346FF009F0461 /* Release */,
			);
			defaultConfigurationIsVisible = 0;
			defaultConfigurationName = Release;
		};
		BDFF8C96214346FF009F0461 /* Build configuration list for PBXNativeTarget "FlixUITests" */ = {
			isa = XCConfigurationList;
			buildConfigurations = (
				BDFF8C97214346FF009F0461 /* Debug */,
				BDFF8C98214346FF009F0461 /* Release */,
			);
			defaultConfigurationIsVisible = 0;
			defaultConfigurationName = Release;
		};
/* End XCConfigurationList section */
	};
	rootObject = BDFF8C60214346FF009F0461 /* Project object */;
}
