// !$*UTF8*$!
{
	archiveVersion = 1;
	classes = {
	};
	objectVersion = 48;
	objects = {

/* Begin PBXBuildFile section */
		031721E28093AD00AD2CE2AE /* Pods_Flix.framework in Frameworks */ = {isa = PBXBuildFile; fileRef = 13A752E54E338ECA7951585C /* Pods_Flix.framework */; };
		21448F9D9DE941CB7FA12084 /* Pods_FlixUITests.framework in Frameworks */ = {isa = PBXBuildFile; fileRef = D0DA38119C249CF5528D83A2 /* Pods_FlixUITests.framework */; };
		AA28A1D8ADE060FC780599FB /* Pods_FlixTests.framework in Frameworks */ = {isa = PBXBuildFile; fileRef = 776D32910934503E8ADCE47F /* Pods_FlixTests.framework */; };
		BD77435D214B4DD6007B52C6 /* NowPlayingViewController.swift in Sources */ = {isa = PBXBuildFile; fileRef = BD77435C214B4DD6007B52C6 /* NowPlayingViewController.swift */; };
		BD774360214B7B07007B52C6 /* MovieCell.swift in Sources */ = {isa = PBXBuildFile; fileRef = BD77435F214B7B07007B52C6 /* MovieCell.swift */; };
		BDD2281D214C4AD8005E21B3 /* DetailViewController.swift in Sources */ = {isa = PBXBuildFile; fileRef = BDD2281C214C4AD8005E21B3 /* DetailViewController.swift */; };
		BDDD220D21522024009ADD03 /* PosterCell.swift in Sources */ = {isa = PBXBuildFile; fileRef = BDDD220C21522024009ADD03 /* PosterCell.swift */; };
		BDDD220F215220E7009ADD03 /* SuperheroViewController.swift in Sources */ = {isa = PBXBuildFile; fileRef = BDDD220E215220E7009ADD03 /* SuperheroViewController.swift */; };
		BDFF8C6C214346FF009F0461 /* AppDelegate.swift in Sources */ = {isa = PBXBuildFile; fileRef = BDFF8C6B214346FF009F0461 /* AppDelegate.swift */; };
		BDFF8C71214346FF009F0461 /* Main.storyboard in Resources */ = {isa = PBXBuildFile; fileRef = BDFF8C6F214346FF009F0461 /* Main.storyboard */; };
		BDFF8C73214346FF009F0461 /* Assets.xcassets in Resources */ = {isa = PBXBuildFile; fileRef = BDFF8C72214346FF009F0461 /* Assets.xcassets */; };
		BDFF8C76214346FF009F0461 /* LaunchScreen.storyboard in Resources */ = {isa = PBXBuildFile; fileRef = BDFF8C74214346FF009F0461 /* LaunchScreen.storyboard */; };
		BDFF8C81214346FF009F0461 /* FlixTests.swift in Sources */ = {isa = PBXBuildFile; fileRef = BDFF8C80214346FF009F0461 /* FlixTests.swift */; };
		BDFF8C8C214346FF009F0461 /* FlixUITests.swift in Sources */ = {isa = PBXBuildFile; fileRef = BDFF8C8B214346FF009F0461 /* FlixUITests.swift */; };
/* End PBXBuildFile section */

/* Begin PBXContainerItemProxy section */
		BDFF8C7D214346FF009F0461 /* PBXContainerItemProxy */ = {
			isa = PBXContainerItemProxy;
			containerPortal = BDFF8C60214346FF009F0461 /* Project object */;
			proxyType = 1;
			remoteGlobalIDString = BDFF8C67214346FF009F0461;
			remoteInfo = Flix;
		};
		BDFF8C88214346FF009F0461 /* PBXContainerItemProxy */ = {
			isa = PBXContainerItemProxy;
			containerPortal = BDFF8C60214346FF009F0461 /* Project object */;
			proxyType = 1;
			remoteGlobalIDString = BDFF8C67214346FF009F0461;
			remoteInfo = Flix;
		};
/* End PBXContainerItemProxy section */

/* Begin PBXFileReference section */
		0C13DC1CDFDFA39D2DECC32B /* Pods-Flix.release.xcconfig */ = {isa = PBXFileReference; includeInIndex = 1; lastKnownFileType = text.xcconfig; name = "Pods-Flix.release.xcconfig"; path = "Pods/Target Support Files/Pods-Flix/Pods-Flix.release.xcconfig"; sourceTree = "<group>"; };
		13A752E54E338ECA7951585C /* Pods_Flix.framework */ = {isa = PBXFileReference; explicitFileType = wrapper.framework; includeInIndex = 0; path = Pods_Flix.framework; sourceTree = BUILT_PRODUCTS_DIR; };
		1863C3B839DEBDA6BE8260DD /* Pods-Flix.debug.xcconfig */ = {isa = PBXFileReference; includeInIndex = 1; lastKnownFileType = text.xcconfig; name = "Pods-Flix.debug.xcconfig"; path = "Pods/Target Support Files/Pods-Flix/Pods-Flix.debug.xcconfig"; sourceTree = "<group>"; };
		2B9BC58AA911197237ACAEC3 /* Pods-FlixUITests.release.xcconfig */ = {isa = PBXFileReference; includeInIndex = 1; lastKnownFileType = text.xcconfig; name = "Pods-FlixUITests.release.xcconfig"; path = "Pods/Target Support Files/Pods-FlixUITests/Pods-FlixUITests.release.xcconfig"; sourceTree = "<group>"; };
		776D32910934503E8ADCE47F /* Pods_FlixTests.framework */ = {isa = PBXFileReference; explicitFileType = wrapper.framework; includeInIndex = 0; path = Pods_FlixTests.framework; sourceTree = BUILT_PRODUCTS_DIR; };
		835D666D26FF52EF392C6A9F /* Pods-FlixTests.debug.xcconfig */ = {isa = PBXFileReference; includeInIndex = 1; lastKnownFileType = text.xcconfig; name = "Pods-FlixTests.debug.xcconfig"; path = "Pods/Target Support Files/Pods-FlixTests/Pods-FlixTests.debug.xcconfig"; sourceTree = "<group>"; };
		BD77435C214B4DD6007B52C6 /* NowPlayingViewController.swift */ = {isa = PBXFileReference; lastKnownFileType = sourcecode.swift; path = NowPlayingViewController.swift; sourceTree = "<group>"; };
		BD77435E214B54CA007B52C6 /* Flix-Bridging-Header.h */ = {isa = PBXFileReference; lastKnownFileType = sourcecode.c.h; path = "Flix-Bridging-Header.h"; sourceTree = "<group>"; };
		BD77435F214B7B07007B52C6 /* MovieCell.swift */ = {isa = PBXFileReference; lastKnownFileType = sourcecode.swift; path = MovieCell.swift; sourceTree = "<group>"; };
		BDD2281C214C4AD8005E21B3 /* DetailViewController.swift */ = {isa = PBXFileReference; lastKnownFileType = sourcecode.swift; path = DetailViewController.swift; sourceTree = "<group>"; };
		BDDD220C21522024009ADD03 /* PosterCell.swift */ = {isa = PBXFileReference; lastKnownFileType = sourcecode.swift; path = PosterCell.swift; sourceTree = "<group>"; };
		BDDD220E215220E7009ADD03 /* SuperheroViewController.swift */ = {isa = PBXFileReference; lastKnownFileType = sourcecode.swift; path = SuperheroViewController.swift; sourceTree = "<group>"; };
		BDFF8C68214346FF009F0461 /* Flix.app */ = {isa = PBXFileReference; explicitFileType = wrapper.application; includeInIndex = 0; path = Flix.app; sourceTree = BUILT_PRODUCTS_DIR; };
		BDFF8C6B214346FF009F0461 /* AppDelegate.swift */ = {isa = PBXFileReference; lastKnownFileType = sourcecode.swift; path = AppDelegate.swift; sourceTree = "<group>"; };
		BDFF8C70214346FF009F0461 /* Base */ = {isa = PBXFileReference; lastKnownFileType = file.storyboard; name = Base; path = Base.lproj/Main.storyboard; sourceTree = "<group>"; };
		BDFF8C72214346FF009F0461 /* Assets.xcassets */ = {isa = PBXFileReference; lastKnownFileType = folder.assetcatalog; path = Assets.xcassets; sourceTree = "<group>"; };
		BDFF8C75214346FF009F0461 /* Base */ = {isa = PBXFileReference; lastKnownFileType = file.storyboard; name = Base; path = Base.lproj/LaunchScreen.storyboard; sourceTree = "<group>"; };
		BDFF8C77214346FF009F0461 /* Info.plist */ = {isa = PBXFileReference; lastKnownFileType = text.plist.xml; path = Info.plist; sourceTree = "<group>"; };
		BDFF8C7C214346FF009F0461 /* FlixTests.xctest */ = {isa = PBXFileReference; explicitFileType = wrapper.cfbundle; includeInIndex = 0; path = FlixTests.xctest; sourceTree = BUILT_PRODUCTS_DIR; };
		BDFF8C80214346FF009F0461 /* FlixTests.swift */ = {isa = PBXFileReference; lastKnownFileType = sourcecode.swift; path = FlixTests.swift; sourceTree = "<group>"; };
		BDFF8C82214346FF009F0461 /* Info.plist */ = {isa = PBXFileReference; lastKnownFileType = text.plist.xml; path = Info.plist; sourceTree = "<group>"; };
		BDFF8C87214346FF009F0461 /* FlixUITests.xctest */ = {isa = PBXFileReference; explicitFileType = wrapper.cfbundle; includeInIndex = 0; path = FlixUITests.xctest; sourceTree = BUILT_PRODUCTS_DIR; };
		BDFF8C8B214346FF009F0461 /* FlixUITests.swift */ = {isa = PBXFileReference; lastKnownFileType = sourcecode.swift; path = FlixUITests.swift; sourceTree = "<group>"; };
		BDFF8C8D214346FF009F0461 /* Info.plist */ = {isa = PBXFileReference; lastKnownFileType = text.plist.xml; path = Info.plist; sourceTree = "<group>"; };
		C078A94EC6B444FA3CCB5CBA /* Pods-FlixUITests.debug.xcconfig */ = {isa = PBXFileReference; includeInIndex = 1; lastKnownFileType = text.xcconfig; name = "Pods-FlixUITests.debug.xcconfig"; path = "Pods/Target Support Files/Pods-FlixUITests/Pods-FlixUITests.debug.xcconfig"; sourceTree = "<group>"; };
		CBBA3CC015CD9469F74222CB /* Pods-FlixTests.release.xcconfig */ = {isa = PBXFileReference; includeInIndex = 1; lastKnownFileType = text.xcconfig; name = "Pods-FlixTests.release.xcconfig"; path = "Pods/Target Support Files/Pods-FlixTests/Pods-FlixTests.release.xcconfig"; sourceTree = "<group>"; };
		D0DA38119C249CF5528D83A2 /* Pods_FlixUITests.framework */ = {isa = PBXFileReference; explicitFileType = wrapper.framework; includeInIndex = 0; path = Pods_FlixUITests.framework; sourceTree = BUILT_PRODUCTS_DIR; };
/* End PBXFileReference section */

/* Begin PBXFrameworksBuildPhase section */
		BDFF8C65214346FF009F0461 /* Frameworks */ = {
			isa = PBXFrameworksBuildPhase;
			buildActionMask = 2147483647;
			files = (
				031721E28093AD00AD2CE2AE /* Pods_Flix.framework in Frameworks */,
			);
			runOnlyForDeploymentPostprocessing = 0;
		};
		BDFF8C79214346FF009F0461 /* Frameworks */ = {
			isa = PBXFrameworksBuildPhase;
			buildActionMask = 2147483647;
			files = (
				AA28A1D8ADE060FC780599FB /* Pods_FlixTests.framework in Frameworks */,
			);
			runOnlyForDeploymentPostprocessing = 0;
		};
		BDFF8C84214346FF009F0461 /* Frameworks */ = {
			isa = PBXFrameworksBuildPhase;
			buildActionMask = 2147483647;
			files = (
				21448F9D9DE941CB7FA12084 /* Pods_FlixUITests.framework in Frameworks */,
			);
			runOnlyForDeploymentPostprocessing = 0;
		};
/* End PBXFrameworksBuildPhase section */

/* Begin PBXGroup section */
		2BC84AFA09AF351F4490514B /* Pods */ = {
			isa = PBXGroup;
			children = (
				1863C3B839DEBDA6BE8260DD /* Pods-Flix.debug.xcconfig */,
				0C13DC1CDFDFA39D2DECC32B /* Pods-Flix.release.xcconfig */,
				835D666D26FF52EF392C6A9F /* Pods-FlixTests.debug.xcconfig */,
				CBBA3CC015CD9469F74222CB /* Pods-FlixTests.release.xcconfig */,
				C078A94EC6B444FA3CCB5CBA /* Pods-FlixUITests.debug.xcconfig */,
				2B9BC58AA911197237ACAEC3 /* Pods-FlixUITests.release.xcconfig */,
			);
			name = Pods;
			sourceTree = "<group>";
		};
		A8AB5B19C17DE547618621E2 /* Frameworks */ = {
			isa = PBXGroup;
			children = (
				13A752E54E338ECA7951585C /* Pods_Flix.framework */,
				776D32910934503E8ADCE47F /* Pods_FlixTests.framework */,
				D0DA38119C249CF5528D83A2 /* Pods_FlixUITests.framework */,
			);
			name = Frameworks;
			sourceTree = "<group>";
		};
		BDD2281A214C4A61005E21B3 /* View Controllers */ = {
			isa = PBXGroup;
			children = (
				BDDD220E215220E7009ADD03 /* SuperheroViewController.swift */,
				BDD2281C214C4AD8005E21B3 /* DetailViewController.swift */,
				BD77435C214B4DD6007B52C6 /* NowPlayingViewController.swift */,
			);
			path = "View Controllers";
			sourceTree = "<group>";
		};
		BDD2281B214C4A74005E21B3 /* Views */ = {
			isa = PBXGroup;
			children = (
				BDDD220C21522024009ADD03 /* PosterCell.swift */,
				BD77435F214B7B07007B52C6 /* MovieCell.swift */,
			);
			path = Views;
			sourceTree = "<group>";
		};
		BDFF8C5F214346FF009F0461 = {
			isa = PBXGroup;
			children = (
				BDFF8C6A214346FF009F0461 /* Flix */,
				BDFF8C7F214346FF009F0461 /* FlixTests */,
				BDFF8C8A214346FF009F0461 /* FlixUITests */,
				BDFF8C69214346FF009F0461 /* Products */,
				2BC84AFA09AF351F4490514B /* Pods */,
				A8AB5B19C17DE547618621E2 /* Frameworks */,
			);
			sourceTree = "<group>";
		};
		BDFF8C69214346FF009F0461 /* Products */ = {
			isa = PBXGroup;
			children = (
				BDFF8C68214346FF009F0461 /* Flix.app */,
				BDFF8C7C214346FF009F0461 /* FlixTests.xctest */,
				BDFF8C87214346FF009F0461 /* FlixUITests.xctest */,
			);
			name = Products;
			sourceTree = "<group>";
		};
		BDFF8C6A214346FF009F0461 /* Flix */ = {
			isa = PBXGroup;
			children = (
				BDD2281B214C4A74005E21B3 /* Views */,
				BDD2281A214C4A61005E21B3 /* View Controllers */,
				BD77435E214B54CA007B52C6 /* Flix-Bridging-Header.h */,
				BDFF8C6B214346FF009F0461 /* AppDelegate.swift */,
				BDFF8C6F214346FF009F0461 /* Main.storyboard */,
				BDFF8C72214346FF009F0461 /* Assets.xcassets */,
				BDFF8C74214346FF009F0461 /* LaunchScreen.storyboard */,
				BDFF8C77214346FF009F0461 /* Info.plist */,
			);
			path = Flix;
			sourceTree = "<group>";
		};
		BDFF8C7F214346FF009F0461 /* FlixTests */ = {
			isa = PBXGroup;
			children = (
				BDFF8C80214346FF009F0461 /* FlixTests.swift */,
				BDFF8C82214346FF009F0461 /* Info.plist */,
			);
			path = FlixTests;
			sourceTree = "<group>";
		};
		BDFF8C8A214346FF009F0461 /* FlixUITests */ = {
			isa = PBXGroup;
			children = (
				BDFF8C8B214346FF009F0461 /* FlixUITests.swift */,
				BDFF8C8D214346FF009F0461 /* Info.plist */,
			);
			path = FlixUITests;
			sourceTree = "<group>";
		};
/* End PBXGroup section */

/* Begin PBXNativeTarget section */
		BDFF8C67214346FF009F0461 /* Flix */ = {
			isa = PBXNativeTarget;
			buildConfigurationList = BDFF8C90214346FF009F0461 /* Build configuration list for PBXNativeTarget "Flix" */;
			buildPhases = (
				EA878D4B8656ECE784F87C27 /* [CP] Check Pods Manifest.lock */,
				BDFF8C64214346FF009F0461 /* Sources */,
				BDFF8C65214346FF009F0461 /* Frameworks */,
				BDFF8C66214346FF009F0461 /* Resources */,
				16606D1BAAB40536AAEE4029 /* [CP] Embed Pods Frameworks */,
			);
			buildRules = (
			);
			dependencies = (
			);
			name = Flix;
			productName = Flix;
			productReference = BDFF8C68214346FF009F0461 /* Flix.app */;
			productType = "com.apple.product-type.application";
		};
		BDFF8C7B214346FF009F0461 /* FlixTests */ = {
			isa = PBXNativeTarget;
			buildConfigurationList = BDFF8C93214346FF009F0461 /* Build configuration list for PBXNativeTarget "FlixTests" */;
			buildPhases = (
				D0AF890A0C51816F1119812F /* [CP] Check Pods Manifest.lock */,
				BDFF8C78214346FF009F0461 /* Sources */,
				BDFF8C79214346FF009F0461 /* Frameworks */,
				BDFF8C7A214346FF009F0461 /* Resources */,
			);
			buildRules = (
			);
			dependencies = (
				BDFF8C7E214346FF009F0461 /* PBXTargetDependency */,
			);
			name = FlixTests;
			productName = FlixTests;
			productReference = BDFF8C7C214346FF009F0461 /* FlixTests.xctest */;
			productType = "com.apple.product-type.bundle.unit-test";
		};
		BDFF8C86214346FF009F0461 /* FlixUITests */ = {
			isa = PBXNativeTarget;
			buildConfigurationList = BDFF8C96214346FF009F0461 /* Build configuration list for PBXNativeTarget "FlixUITests" */;
			buildPhases = (
				7259274750AB8EBD377AA47C /* [CP] Check Pods Manifest.lock */,
				BDFF8C83214346FF009F0461 /* Sources */,
				BDFF8C84214346FF009F0461 /* Frameworks */,
				BDFF8C85214346FF009F0461 /* Resources */,
			);
			buildRules = (
			);
			dependencies = (
				BDFF8C89214346FF009F0461 /* PBXTargetDependency */,
			);
			name = FlixUITests;
			productName = FlixUITests;
			productReference = BDFF8C87214346FF009F0461 /* FlixUITests.xctest */;
			productType = "com.apple.product-type.bundle.ui-testing";
		};
/* End PBXNativeTarget section */

/* Begin PBXProject section */
		BDFF8C60214346FF009F0461 /* Project object */ = {
			isa = PBXProject;
			attributes = {
				LastSwiftUpdateCheck = 0910;
				LastUpgradeCheck = 0910;
				ORGANIZATIONNAME = "Hamsika Pongubala";
				TargetAttributes = {
					BDFF8C67214346FF009F0461 = {
						CreatedOnToolsVersion = 9.1;
						LastSwiftMigration = 0910;
						ProvisioningStyle = Automatic;
					};
					BDFF8C7B214346FF009F0461 = {
						CreatedOnToolsVersion = 9.1;
						ProvisioningStyle = Automatic;
						TestTargetID = BDFF8C67214346FF009F0461;
					};
					BDFF8C86214346FF009F0461 = {
						CreatedOnToolsVersion = 9.1;
						ProvisioningStyle = Automatic;
						TestTargetID = BDFF8C67214346FF009F0461;
					};
				};
			};
			buildConfigurationList = BDFF8C63214346FF009F0461 /* Build configuration list for PBXProject "Flix" */;
			compatibilityVersion = "Xcode 8.0";
			developmentRegion = en;
			hasScannedForEncodings = 0;
			knownRegions = (
				en,
				Base,
			);
			mainGroup = BDFF8C5F214346FF009F0461;
			productRefGroup = BDFF8C69214346FF009F0461 /* Products */;
			projectDirPath = "";
			projectRoot = "";
			targets = (
				BDFF8C67214346FF009F0461 /* Flix */,
				BDFF8C7B214346FF009F0461 /* FlixTests */,
				BDFF8C86214346FF009F0461 /* FlixUITests */,
			);
		};
/* End PBXProject section */

/* Begin PBXResourcesBuildPhase section */
		BDFF8C66214346FF009F0461 /* Resources */ = {
			isa = PBXResourcesBuildPhase;
			buildActionMask = 2147483647;
			files = (
				BDFF8C76214346FF009F0461 /* LaunchScreen.storyboard in Resources */,
				BDFF8C73214346FF009F0461 /* Assets.xcassets in Resources */,
				BDFF8C71214346FF009F0461 /* Main.storyboard in Resources */,
			);
			runOnlyForDeploymentPostprocessing = 0;
		};
		BDFF8C7A214346FF009F0461 /* Resources */ = {
			isa = PBXResourcesBuildPhase;
			buildActionMask = 2147483647;
			files = (
			);
			runOnlyForDeploymentPostprocessing = 0;
		};
		BDFF8C85214346FF009F0461 /* Resources */ = {
			isa = PBXResourcesBuildPhase;
			buildActionMask = 2147483647;
			files = (
			);
			runOnlyForDeploymentPostprocessing = 0;
		};
/* End PBXResourcesBuildPhase section */

/* Begin PBXShellScriptBuildPhase section */
		16606D1BAAB40536AAEE4029 /* [CP] Embed Pods Frameworks */ = {
			isa = PBXShellScriptBuildPhase;
			buildActionMask = 2147483647;
			files = (
			);
			inputPaths = (
				"${SRCROOT}/Pods/Target Support Files/Pods-Flix/Pods-Flix-frameworks.sh",
				"${BUILT_PRODUCTS_DIR}/Alamofire/Alamofire.framework",
				"${BUILT_PRODUCTS_DIR}/AlamofireImage/AlamofireImage.framework",
			);
			name = "[CP] Embed Pods Frameworks";
			outputPaths = (
				"${TARGET_BUILD_DIR}/${FRAMEWORKS_FOLDER_PATH}/Alamofire.framework",
				"${TARGET_BUILD_DIR}/${FRAMEWORKS_FOLDER_PATH}/AlamofireImage.framework",
			);
			runOnlyForDeploymentPostprocessing = 0;
			shellPath = /bin/sh;
			shellScript = "\"${SRCROOT}/Pods/Target Support Files/Pods-Flix/Pods-Flix-frameworks.sh\"\n";
			showEnvVarsInLog = 0;
		};
		7259274750AB8EBD377AA47C /* [CP] Check Pods Manifest.lock */ = {
			isa = PBXShellScriptBuildPhase;
			buildActionMask = 2147483647;
			files = (
			);
			inputPaths = (
				"${PODS_PODFILE_DIR_PATH}/Podfile.lock",
				"${PODS_ROOT}/Manifest.lock",
			);
			name = "[CP] Check Pods Manifest.lock";
			outputPaths = (
				"$(DERIVED_FILE_DIR)/Pods-FlixUITests-checkManifestLockResult.txt",
			);
			runOnlyForDeploymentPostprocessing = 0;
			shellPath = /bin/sh;
			shellScript = "diff \"${PODS_PODFILE_DIR_PATH}/Podfile.lock\" \"${PODS_ROOT}/Manifest.lock\" > /dev/null\nif [ $? != 0 ] ; then\n    # print error to STDERR\n    echo \"error: The sandbox is not in sync with the Podfile.lock. Run 'pod install' or update your CocoaPods installation.\" >&2\n    exit 1\nfi\n# This output is used by Xcode 'outputs' to avoid re-running this script phase.\necho \"SUCCESS\" > \"${SCRIPT_OUTPUT_FILE_0}\"\n";
			showEnvVarsInLog = 0;
		};
		D0AF890A0C51816F1119812F /* [CP] Check Pods Manifest.lock */ = {
			isa = PBXShellScriptBuildPhase;
			buildActionMask = 2147483647;
			files = (
			);
			inputPaths = (
				"${PODS_PODFILE_DIR_PATH}/Podfile.lock",
				"${PODS_ROOT}/Manifest.lock",
			);
			name = "[CP] Check Pods Manifest.lock";
			outputPaths = (
				"$(DERIVED_FILE_DIR)/Pods-FlixTests-checkManifestLockResult.txt",
			);
			runOnlyForDeploymentPostprocessing = 0;
			shellPath = /bin/sh;
			shellScript = "diff \"${PODS_PODFILE_DIR_PATH}/Podfile.lock\" \"${PODS_ROOT}/Manifest.lock\" > /dev/null\nif [ $? != 0 ] ; then\n    # print error to STDERR\n    echo \"error: The sandbox is not in sync with the Podfile.lock. Run 'pod install' or update your CocoaPods installation.\" >&2\n    exit 1\nfi\n# This output is used by Xcode 'outputs' to avoid re-running this script phase.\necho \"SUCCESS\" > \"${SCRIPT_OUTPUT_FILE_0}\"\n";
			showEnvVarsInLog = 0;
		};
		EA878D4B8656ECE784F87C27 /* [CP] Check Pods Manifest.lock */ = {
			isa = PBXShellScriptBuildPhase;
			buildActionMask = 2147483647;
			files = (
			);
			inputPaths = (
				"${PODS_PODFILE_DIR_PATH}/Podfile.lock",
				"${PODS_ROOT}/Manifest.lock",
			);
			name = "[CP] Check Pods Manifest.lock";
			outputPaths = (
				"$(DERIVED_FILE_DIR)/Pods-Flix-checkManifestLockResult.txt",
			);
			runOnlyForDeploymentPostprocessing = 0;
			shellPath = /bin/sh;
			shellScript = "diff \"${PODS_PODFILE_DIR_PATH}/Podfile.lock\" \"${PODS_ROOT}/Manifest.lock\" > /dev/null\nif [ $? != 0 ] ; then\n    # print error to STDERR\n    echo \"error: The sandbox is not in sync with the Podfile.lock. Run 'pod install' or update your CocoaPods installation.\" >&2\n    exit 1\nfi\n# This output is used by Xcode 'outputs' to avoid re-running this script phase.\necho \"SUCCESS\" > \"${SCRIPT_OUTPUT_FILE_0}\"\n";
			showEnvVarsInLog = 0;
		};
/* End PBXShellScriptBuildPhase section */

/* Begin PBXSourcesBuildPhase section */
		BDFF8C64214346FF009F0461 /* Sources */ = {
			isa = PBXSourcesBuildPhase;
			buildActionMask = 2147483647;
			files = (
				BD77435D214B4DD6007B52C6 /* NowPlayingViewController.swift in Sources */,
				BDDD220D21522024009ADD03 /* PosterCell.swift in Sources */,
				BDDD220F215220E7009ADD03 /* SuperheroViewController.swift in Sources */,
				BDFF8C6C214346FF009F0461 /* AppDelegate.swift in Sources */,
				BD774360214B7B07007B52C6 /* MovieCell.swift in Sources */,
				BDD2281D214C4AD8005E21B3 /* DetailViewController.swift in Sources */,
			);
			runOnlyForDeploymentPostprocessing = 0;
		};
		BDFF8C78214346FF009F0461 /* Sources */ = {
			isa = PBXSourcesBuildPhase;
			buildActionMask = 2147483647;
			files = (
				BDFF8C81214346FF009F0461 /* FlixTests.swift in Sources */,
			);
			runOnlyForDeploymentPostprocessing = 0;
		};
		BDFF8C83214346FF009F0461 /* Sources */ = {
			isa = PBXSourcesBuildPhase;
			buildActionMask = 2147483647;
			files = (
				BDFF8C8C214346FF009F0461 /* FlixUITests.swift in Sources */,
			);
			runOnlyForDeploymentPostprocessing = 0;
		};
/* End PBXSourcesBuildPhase section */

/* Begin PBXTargetDependency section */
		BDFF8C7E214346FF009F0461 /* PBXTargetDependency */ = {
			isa = PBXTargetDependency;
			target = BDFF8C67214346FF009F0461 /* Flix */;
			targetProxy = BDFF8C7D214346FF009F0461 /* PBXContainerItemProxy */;
		};
		BDFF8C89214346FF009F0461 /* PBXTargetDependency */ = {
			isa = PBXTargetDependency;
			target = BDFF8C67214346FF009F0461 /* Flix */;
			targetProxy = BDFF8C88214346FF009F0461 /* PBXContainerItemProxy */;
		};
/* End PBXTargetDependency section */

/* Begin PBXVariantGroup section */
		BDFF8C6F214346FF009F0461 /* Main.storyboard */ = {
			isa = PBXVariantGroup;
			children = (
				BDFF8C70214346FF009F0461 /* Base */,
			);
			name = Main.storyboard;
			sourceTree = "<group>";
		};
		BDFF8C74214346FF009F0461 /* LaunchScreen.storyboard */ = {
			isa = PBXVariantGroup;
			children = (
				BDFF8C75214346FF009F0461 /* Base */,
			);
			name = LaunchScreen.storyboard;
			sourceTree = "<group>";
		};
/* End PBXVariantGroup section */

/* Begin XCBuildConfiguration section */
		BDFF8C8E214346FF009F0461 /* Debug */ = {
			isa = XCBuildConfiguration;
			buildSettings = {
				ALWAYS_SEARCH_USER_PATHS = NO;
				CLANG_ANALYZER_NONNULL = YES;
				CLANG_ANALYZER_NUMBER_OBJECT_CONVERSION = YES_AGGRESSIVE;
				CLANG_CXX_LANGUAGE_STANDARD = "gnu++14";
				CLANG_CXX_LIBRARY = "libc++";
				CLANG_ENABLE_MODULES = YES;
				CLANG_ENABLE_OBJC_ARC = YES;
				CLANG_WARN_BLOCK_CAPTURE_AUTORELEASING = YES;
				CLANG_WARN_BOOL_CONVERSION = YES;
				CLANG_WARN_COMMA = YES;
				CLANG_WARN_CONSTANT_CONVERSION = YES;
				CLANG_WARN_DIRECT_OBJC_ISA_USAGE = YES_ERROR;
				CLANG_WARN_DOCUMENTATION_COMMENTS = YES;
				CLANG_WARN_EMPTY_BODY = YES;
				CLANG_WARN_ENUM_CONVERSION = YES;
				CLANG_WARN_INFINITE_RECURSION = YES;
				CLANG_WARN_INT_CONVERSION = YES;
				CLANG_WARN_NON_LITERAL_NULL_CONVERSION = YES;
				CLANG_WARN_OBJC_LITERAL_CONVERSION = YES;
				CLANG_WARN_OBJC_ROOT_CLASS = YES_ERROR;
				CLANG_WARN_RANGE_LOOP_ANALYSIS = YES;
				CLANG_WARN_STRICT_PROTOTYPES = YES;
				CLANG_WARN_SUSPICIOUS_MOVE = YES;
				CLANG_WARN_UNGUARDED_AVAILABILITY = YES_AGGRESSIVE;
				CLANG_WARN_UNREACHABLE_CODE = YES;
				CLANG_WARN__DUPLICATE_METHOD_MATCH = YES;
				CODE_SIGN_IDENTITY = "iPhone Developer";
				COPY_PHASE_STRIP = NO;
				DEBUG_INFORMATION_FORMAT = dwarf;
				ENABLE_STRICT_OBJC_MSGSEND = YES;
				ENABLE_TESTABILITY = YES;
				GCC_C_LANGUAGE_STANDARD = gnu11;
				GCC_DYNAMIC_NO_PIC = NO;
				GCC_NO_COMMON_BLOCKS = YES;
				GCC_OPTIMIZATION_LEVEL = 0;
				GCC_PREPROCESSOR_DEFINITIONS = (
					"DEBUG=1",
					"$(inherited)",
				);
				GCC_WARN_64_TO_32_BIT_CONVERSION = YES;
				GCC_WARN_ABOUT_RETURN_TYPE = YES_ERROR;
				GCC_WARN_UNDECLARED_SELECTOR = YES;
				GCC_WARN_UNINITIALIZED_AUTOS = YES_AGGRESSIVE;
				GCC_WARN_UNUSED_FUNCTION = YES;
				GCC_WARN_UNUSED_VARIABLE = YES;
				IPHONEOS_DEPLOYMENT_TARGET = 11.1;
				MTL_ENABLE_DEBUG_INFO = YES;
				ONLY_ACTIVE_ARCH = YES;
				SDKROOT = iphoneos;
				SWIFT_ACTIVE_COMPILATION_CONDITIONS = DEBUG;
				SWIFT_OPTIMIZATION_LEVEL = "-Onone";
			};
			name = Debug;
		};
		BDFF8C8F214346FF009F0461 /* Release */ = {
			isa = XCBuildConfiguration;
			buildSettings = {
				ALWAYS_SEARCH_USER_PATHS = NO;
				CLANG_ANALYZER_NONNULL = YES;
				CLANG_ANALYZER_NUMBER_OBJECT_CONVERSION = YES_AGGRESSIVE;
				CLANG_CXX_LANGUAGE_STANDARD = "gnu++14";
				CLANG_CXX_LIBRARY = "libc++";
				CLANG_ENABLE_MODULES = YES;
				CLANG_ENABLE_OBJC_ARC = YES;
				CLANG_WARN_BLOCK_CAPTURE_AUTORELEASING = YES;
				CLANG_WARN_BOOL_CONVERSION = YES;
				CLANG_WARN_COMMA = YES;
				CLANG_WARN_CONSTANT_CONVERSION = YES;
				CLANG_WARN_DIRECT_OBJC_ISA_USAGE = YES_ERROR;
				CLANG_WARN_DOCUMENTATION_COMMENTS = YES;
				CLANG_WARN_EMPTY_BODY = YES;
				CLANG_WARN_ENUM_CONVERSION = YES;
				CLANG_WARN_INFINITE_RECURSION = YES;
				CLANG_WARN_INT_CONVERSION = YES;
				CLANG_WARN_NON_LITERAL_NULL_CONVERSION = YES;
				CLANG_WARN_OBJC_LITERAL_CONVERSION = YES;
				CLANG_WARN_OBJC_ROOT_CLASS = YES_ERROR;
				CLANG_WARN_RANGE_LOOP_ANALYSIS = YES;
				CLANG_WARN_STRICT_PROTOTYPES = YES;
				CLANG_WARN_SUSPICIOUS_MOVE = YES;
				CLANG_WARN_UNGUARDED_AVAILABILITY = YES_AGGRESSIVE;
				CLANG_WARN_UNREACHABLE_CODE = YES;
				CLANG_WARN__DUPLICATE_METHOD_MATCH = YES;
				CODE_SIGN_IDENTITY = "iPhone Developer";
				COPY_PHASE_STRIP = NO;
				DEBUG_INFORMATION_FORMAT = "dwarf-with-dsym";
				ENABLE_NS_ASSERTIONS = NO;
				ENABLE_STRICT_OBJC_MSGSEND = YES;
				GCC_C_LANGUAGE_STANDARD = gnu11;
				GCC_NO_COMMON_BLOCKS = YES;
				GCC_WARN_64_TO_32_BIT_CONVERSION = YES;
				GCC_WARN_ABOUT_RETURN_TYPE = YES_ERROR;
				GCC_WARN_UNDECLARED_SELECTOR = YES;
				GCC_WARN_UNINITIALIZED_AUTOS = YES_AGGRESSIVE;
				GCC_WARN_UNUSED_FUNCTION = YES;
				GCC_WARN_UNUSED_VARIABLE = YES;
				IPHONEOS_DEPLOYMENT_TARGET = 11.1;
				MTL_ENABLE_DEBUG_INFO = NO;
				SDKROOT = iphoneos;
				SWIFT_OPTIMIZATION_LEVEL = "-Owholemodule";
				VALIDATE_PRODUCT = YES;
			};
			name = Release;
		};
		BDFF8C91214346FF009F0461 /* Debug */ = {
			isa = XCBuildConfiguration;
			baseConfigurationReference = 1863C3B839DEBDA6BE8260DD /* Pods-Flix.debug.xcconfig */;
			buildSettings = {
				ASSETCATALOG_COMPILER_APPICON_NAME = AppIcon;
				CLANG_ENABLE_MODULES = YES;
				CODE_SIGN_STYLE = Automatic;
				INFOPLIST_FILE = Flix/Info.plist;
				LD_RUNPATH_SEARCH_PATHS = "$(inherited) @executable_path/Frameworks";
				PRODUCT_BUNDLE_IDENTIFIER = com.Hamsika.Flix;
				PRODUCT_NAME = "$(TARGET_NAME)";
				SWIFT_OBJC_BRIDGING_HEADER = "Flix/Flix-Bridging-Header.h";
				SWIFT_OPTIMIZATION_LEVEL = "-Onone";
				SWIFT_VERSION = 4.0;
				TARGETED_DEVICE_FAMILY = "1,2";
			};
			name = Debug;
		};
		BDFF8C92214346FF009F0461 /* Release */ = {
			isa = XCBuildConfiguration;
			baseConfigurationReference = 0C13DC1CDFDFA39D2DECC32B /* Pods-Flix.release.xcconfig */;
			buildSettings = {
				ASSETCATALOG_COMPILER_APPICON_NAME = AppIcon;
				CLANG_ENABLE_MODULES = YES;
				CODE_SIGN_STYLE = Automatic;
				INFOPLIST_FILE = Flix/Info.plist;
				LD_RUNPATH_SEARCH_PATHS = "$(inherited) @executable_path/Frameworks";
				PRODUCT_BUNDLE_IDENTIFIER = com.Hamsika.Flix;
				PRODUCT_NAME = "$(TARGET_NAME)";
				SWIFT_OBJC_BRIDGING_HEADER = "Flix/Flix-Bridging-Header.h";
				SWIFT_VERSION = 4.0;
				TARGETED_DEVICE_FAMILY = "1,2";
			};
			name = Release;
		};
		BDFF8C94214346FF009F0461 /* Debug */ = {
			isa = XCBuildConfiguration;
			baseConfigurationReference = 835D666D26FF52EF392C6A9F /* Pods-FlixTests.debug.xcconfig */;
			buildSettings = {
				ALWAYS_EMBED_SWIFT_STANDARD_LIBRARIES = YES;
				BUNDLE_LOADER = "$(TEST_HOST)";
				CODE_SIGN_STYLE = Automatic;
				INFOPLIST_FILE = FlixTests/Info.plist;
				LD_RUNPATH_SEARCH_PATHS = "$(inherited) @executable_path/Frameworks @loader_path/Frameworks";
				PRODUCT_BUNDLE_IDENTIFIER = com.Hamsika.FlixTests;
				PRODUCT_NAME = "$(TARGET_NAME)";
				SWIFT_VERSION = 4.0;
				TARGETED_DEVICE_FAMILY = "1,2";
				TEST_HOST = "$(BUILT_PRODUCTS_DIR)/Flix.app/Flix";
			};
			name = Debug;
		};
		BDFF8C95214346FF009F0461 /* Release */ = {
			isa = XCBuildConfiguration;
			baseConfigurationReference = CBBA3CC015CD9469F74222CB /* Pods-FlixTests.release.xcconfig */;
			buildSettings = {
				ALWAYS_EMBED_SWIFT_STANDARD_LIBRARIES = YES;
				BUNDLE_LOADER = "$(TEST_HOST)";
				CODE_SIGN_STYLE = Automatic;
				INFOPLIST_FILE = FlixTests/Info.plist;
				LD_RUNPATH_SEARCH_PATHS = "$(inherited) @executable_path/Frameworks @loader_path/Frameworks";
				PRODUCT_BUNDLE_IDENTIFIER = com.Hamsika.FlixTests;
				PRODUCT_NAME = "$(TARGET_NAME)";
				SWIFT_VERSION = 4.0;
				TARGETED_DEVICE_FAMILY = "1,2";
				TEST_HOST = "$(BUILT_PRODUCTS_DIR)/Flix.app/Flix";
			};
			name = Release;
		};
		BDFF8C97214346FF009F0461 /* Debug */ = {
			isa = XCBuildConfiguration;
			baseConfigurationReference = C078A94EC6B444FA3CCB5CBA /* Pods-FlixUITests.debug.xcconfig */;
			buildSettings = {
				ALWAYS_EMBED_SWIFT_STANDARD_LIBRARIES = YES;
				CODE_SIGN_STYLE = Automatic;
				INFOPLIST_FILE = FlixUITests/Info.plist;
				LD_RUNPATH_SEARCH_PATHS = "$(inherited) @executable_path/Frameworks @loader_path/Frameworks";
				PRODUCT_BUNDLE_IDENTIFIER = com.Hamsika.FlixUITests;
				PRODUCT_NAME = "$(TARGET_NAME)";
				SWIFT_VERSION = 4.0;
				TARGETED_DEVICE_FAMILY = "1,2";
				TEST_TARGET_NAME = Flix;
			};
			name = Debug;
		};
		BDFF8C98214346FF009F0461 /* Release */ = {
			isa = XCBuildConfiguration;
			baseConfigurationReference = 2B9BC58AA911197237ACAEC3 /* Pods-FlixUITests.release.xcconfig */;
			buildSettings = {
				ALWAYS_EMBED_SWIFT_STANDARD_LIBRARIES = YES;
				CODE_SIGN_STYLE = Automatic;
				INFOPLIST_FILE = FlixUITests/Info.plist;
				LD_RUNPATH_SEARCH_PATHS = "$(inherited) @executable_path/Frameworks @loader_path/Frameworks";
				PRODUCT_BUNDLE_IDENTIFIER = com.Hamsika.FlixUITests;
				PRODUCT_NAME = "$(TARGET_NAME)";
				SWIFT_VERSION = 4.0;
				TARGETED_DEVICE_FAMILY = "1,2";
				TEST_TARGET_NAME = Flix;
			};
			name = Release;
		};
/* End XCBuildConfiguration section */

/* Begin XCConfigurationList section */
		BDFF8C63214346FF009F0461 /* Build configuration list for PBXProject "Flix" */ = {
			isa = XCConfigurationList;
			buildConfigurations = (
				BDFF8C8E214346FF009F0461 /* Debug */,
				BDFF8C8F214346FF009F0461 /* Release */,
			);
			defaultConfigurationIsVisible = 0;
			defaultConfigurationName = Release;
		};
		BDFF8C90214346FF009F0461 /* Build configuration list for PBXNativeTarget "Flix" */ = {
			isa = XCConfigurationList;
			buildConfigurations = (
				BDFF8C91214346FF009F0461 /* Debug */,
				BDFF8C92214346FF009F0461 /* Release */,
			);
			defaultConfigurationIsVisible = 0;
			defaultConfigurationName = Release;
		};
		BDFF8C93214346FF009F0461 /* Build configuration list for PBXNativeTarget "FlixTests" */ = {
			isa = XCConfigurationList;
			buildConfigurations = (
				BDFF8C94214346FF009F0461 /* Debug */,
				BDFF8C95214346FF009F0461 /* Release */,
			);
			defaultConfigurationIsVisible = 0;
			defaultConfigurationName = Release;
		};
		BDFF8C96214346FF009F0461 /* Build configuration list for PBXNativeTarget "FlixUITests" */ = {
			isa = XCConfigurationList;
			buildConfigurations = (
				BDFF8C97214346FF009F0461 /* Debug */,
				BDFF8C98214346FF009F0461 /* Release */,
			);
			defaultConfigurationIsVisible = 0;
			defaultConfigurationName = Release;
		};
/* End XCConfigurationList section */
	};
	rootObject = BDFF8C60214346FF009F0461 /* Project object */;
}
